
Microsoft Visual Studio Solution File, Format Version 12.00
# Visual Studio Version 16
VisualStudioVersion = 16.0.30804.86
MinimumVisualStudioVersion = 10.0.40219.1
Project("{FAE04EC0-301F-11D3-BF4B-00C04F79EFBC}") = "FeedBack", "FeedBack\FeedBack.csproj", "{36CCE4A5-B0BA-4A13-AED8-D6DF1F0BC30B}"
EndProject
Global
	GlobalSection(SolutionConfigurationPlatforms) = preSolution
		Debug|Any CPU = Debug|Any CPU
		Release|Any CPU = Release|Any CPU
	EndGlobalSection
	GlobalSection(ProjectConfigurationPlatforms) = postSolution
		{36CCE4A5-B0BA-4A13-AED8-D6DF1F0BC30B}.Debug|Any CPU.ActiveCfg = Debug|Any CPU
		{36CCE4A5-B0BA-4A13-AED8-D6DF1F0BC30B}.Debug|Any CPU.Build.0 = Debug|Any CPU
		{36CCE4A5-B0BA-4A13-AED8-D6DF1F0BC30B}.Release|Any CPU.ActiveCfg = Release|Any CPU
		{36CCE4A5-B0BA-4A13-AED8-D6DF1F0BC30B}.Release|Any CPU.Build.0 = Release|Any CPU
	EndGlobalSection
	GlobalSection(SolutionProperties) = preSolution
		HideSolutionNode = FALSE
	EndGlobalSection
	GlobalSection(ExtensibilityGlobals) = postSolution
		SolutionGuid = {8FCC618C-638F-437F-AC91-795F85D2DCB2}
	EndGlobalSection
EndGlobal
